# This file is autogenerated, do not edit; changes may be undone by the next 'dep ensure'.


[[projects]]
  digest = "1:fc53fe55ee530de09a7593d102a4aae9df3fa085abeb9fbd41becc6d56e335f2"
  name = "github.com/aws/aws-lambda-go"
  packages = [
    "lambda",
    "lambda/handlertrace",
    "lambda/messages",
    "lambdacontext",
  ]
  pruneopts = "UT"
  revision = "08d251dc58f204411d79012fd6f1beefb7107fea"
  version = "v1.10.0"

[[projects]]
  digest = "1:c1100fc71e23b6a32b2c68a5202a848fd13811d5a10b12edb8019c3667d1cd9a"
  name = "github.com/cenkalti/backoff"
  packages = ["."]
  pruneopts = "UT"
  revision = "4b4cebaf850ec58f1bb1fec5bdebdf8501c2bc3f"
  version = "v3.0.0"

[[projects]]
  branch = "master"
  digest = "1:577bebb81dd9727b50705e898ee28f8cef844499b033b9a636a5de83ad7c87b5"
  name = "github.com/dghubble/go-twitter"
  packages = ["twitter"]
  pruneopts = "UT"
  revision = "53f972dc4b060ca0107e36a9b118d88c97d816e5"

[[projects]]
  digest = "1:f3cacf5fd0e718de3f43af615e84372b318f61889140f6854f98b05894001d99"
  name = "github.com/dghubble/oauth1"
  packages = ["."]
  pruneopts = "UT"
  revision = "f0fe2bff8fbf301b33359ca431e4afc90390aab0"
  version = "v0.5.0"

[[projects]]
  digest = "1:fba61d8584058169c5bd4625196f33077ba937f7131625d4440686c5e4cff380"
  name = "github.com/dghubble/sling"
  packages = ["."]
  pruneopts = "UT"
  revision = "e2624bf29a7de45ab0802b09aea94ca0a7815c5f"
  version = "v1.2.0"

[[projects]]
  digest = "1:a63cff6b5d8b95638bfe300385d93b2a6d9d687734b863da8e09dc834510a690"
  name = "github.com/google/go-querystring"
  packages = ["query"]
  pruneopts = "UT"
  revision = "44c6ddd0a2342c386950e880b658017258da92fc"
  version = "v1.0.0"

[[projects]]
  digest = "1:ecd9aa82687cf31d1585d4ac61d0ba180e42e8a6182b85bd785fcca8dfeefc1b"
  name = "github.com/joho/godotenv"
  packages = ["."]
  pruneopts = "UT"
  revision = "23d116af351c84513e1946b527c88823e476be13"
  version = "v1.3.0"

[solve-meta]
  analyzer-name = "dep"
  analyzer-version = 1
  input-imports = [
    "github.com/aws/aws-lambda-go/lambda",
    "github.com/dghubble/go-twitter/twitter",
    "github.com/dghubble/oauth1",
    "github.com/joho/godotenv",
  ]
  solver-name = "gps-cdcl"
  solver-version = 1
